
Microsoft Visual Studio Solution File, Format Version 12.00
# Visual Studio Version 17
VisualStudioVersion = 17.5.002.0
MinimumVisualStudioVersion = 10.0.40219.1
Project("{9A19103F-16F7-4668-BE54-9A1E7A4F7556}") = "CsvToJsonCore", "CsvToJsonCore.csproj", "{09F0D5C7-C91E-4340-896F-AA03652261B2}"
EndProject
Global
	GlobalSection(SolutionConfigurationPlatforms) = preSolution
		Debug|Any CPU = Debug|Any CPU
		Release|Any CPU = Release|Any CPU
	EndGlobalSection
	GlobalSection(ProjectConfigurationPlatforms) = postSolution
		{09F0D5C7-C91E-4340-896F-AA03652261B2}.Debug|Any CPU.ActiveCfg = Debug|Any CPU
		{09F0D5C7-C91E-4340-896F-AA03652261B2}.Debug|Any CPU.Build.0 = Debug|Any CPU
		{09F0D5C7-C91E-4340-896F-AA03652261B2}.Release|Any CPU.ActiveCfg = Release|Any CPU
		{09F0D5C7-C91E-4340-896F-AA03652261B2}.Release|Any CPU.Build.0 = Release|Any CPU
	EndGlobalSection
	GlobalSection(SolutionProperties) = preSolution
		HideSolutionNode = FALSE
	EndGlobalSection
	GlobalSection(ExtensibilityGlobals) = postSolution
		SolutionGuid = {B3725465-8240-4A81-B1FB-2CB2FFFC6608}
	EndGlobalSection
EndGlobal
